<?xml version="1.0" encoding="utf-8"?>
<Project ToolsVersion="4.0" xmlns="http://schemas.microsoft.com/developer/msbuild/2003">
  <ItemGroup>
    <ClCompile Include="main.cpp" />
    <ClCompile Include="SocketAddress.cpp">
      <Filter>core</Filter>
    </ClCompile>
    <ClCompile Include="Noncopyable.cpp">
      <Filter>core</Filter>
    </ClCompile>
    <ClCompile Include="Copyable.cpp">
      <Filter>core</Filter>
    </ClCompile>
    <ClCompile Include="Exception.cpp">
      <Filter>core</Filter>
    </ClCompile>
    <ClCompile Include="Timestamp.cpp">
      <Filter>core</Filter>
    </ClCompile>
    <ClCompile Include="Buffer.cpp">
      <Filter>core</Filter>
    </ClCompile>
    <ClCompile Include="Fileobject.cpp">
      <Filter>core</Filter>
    </ClCompile>
    <ClCompile Include="Logfile.cpp">
      <Filter>core</Filter>
    </ClCompile>
    <ClCompile Include="ScopedLoger.cpp">
      <Filter>core</Filter>
    </ClCompile>
    <ClCompile Include="StreamBuffer.cpp">
      <Filter>core</Filter>
    </ClCompile>
    <ClCompile Include="TimeZone.cpp">
      <Filter>core</Filter>
    </ClCompile>
    <ClCompile Include="TypeFormat.cpp">
      <Filter>core</Filter>
    </ClCompile>
    <ClCompile Include="Socket.cpp">
      <Filter>core</Filter>
    </ClCompile>
    <ClCompile Include="EventHandler.cpp" />
    <ClCompile Include="Reactor.cpp" />
    <ClCompile Include="Poller.cpp" />
    <ClCompile Include="Timer.cpp" />
    <ClCompile Include="TimerId.cpp" />
    <ClCompile Include="TimerQueue.cpp" />
    <ClCompile Include="Acceptor.cpp" />
    <ClCompile Include="TcpConnection.cpp" />
    <ClCompile Include="Connector.cpp" />
    <ClCompile Include="TcpClient.cpp" />
  </ItemGroup>
  <ItemGroup>
    <Filter Include="core">
      <UniqueIdentifier>{d6f2ad2e-e5c2-4e3e-b0ff-88fa40f7ddf4}</UniqueIdentifier>
    </Filter>
  </ItemGroup>
  <ItemGroup>
    <ClInclude Include="SocketAddress.h">
      <Filter>core</Filter>
    </ClInclude>
    <ClInclude Include="Noncopyable.h">
      <Filter>core</Filter>
    </ClInclude>
    <ClInclude Include="Copyable.h">
      <Filter>core</Filter>
    </ClInclude>
    <ClInclude Include="Types.h">
      <Filter>core</Filter>
    </ClInclude>
    <ClInclude Include="Base.h">
      <Filter>core</Filter>
    </ClInclude>
    <ClInclude Include="String.h">
      <Filter>core</Filter>
    </ClInclude>
    <ClInclude Include="Exception.h">
      <Filter>core</Filter>
    </ClInclude>
    <ClInclude Include="Timestamp.h">
      <Filter>core</Filter>
    </ClInclude>
    <ClInclude Include="Buffer.h">
      <Filter>core</Filter>
    </ClInclude>
    <ClInclude Include="Fileobject.h">
      <Filter>core</Filter>
    </ClInclude>
    <ClInclude Include="Logfile.h">
      <Filter>core</Filter>
    </ClInclude>
    <ClInclude Include="Log.h">
      <Filter>core</Filter>
    </ClInclude>
    <ClInclude Include="ScopedLoger.h">
      <Filter>core</Filter>
    </ClInclude>
    <ClInclude Include="StreamBuffer.h">
      <Filter>core</Filter>
    </ClInclude>
    <ClInclude Include="TimeZone.h">
      <Filter>core</Filter>
    </ClInclude>
    <ClInclude Include="TypeFormat.h">
      <Filter>core</Filter>
    </ClInclude>
    <ClInclude Include="Socket.h">
      <Filter>core</Filter>
    </ClInclude>
    <ClInclude Include="EventHandler.h" />
    <ClInclude Include="Reactor.h" />
    <ClInclude Include="Poller.h" />
    <ClInclude Include="Timer.h" />
    <ClInclude Include="TimerId.h" />
    <ClInclude Include="TimerQueue.h" />
    <ClInclude Include="Acceptor.h" />
    <ClInclude Include="TcpConnection.h" />
    <ClInclude Include="Connector.h" />
    <ClInclude Include="TcpClient.h" />
  </ItemGroup>
</Project>